# THIS IS AN AUTOGENERATED FILE. DO NOT EDIT THIS FILE DIRECTLY.
# yarn lockfile v1


"@bitauth/libauth@^2.0.0":
  version "2.1.0"
  resolved "https://registry.yarnpkg.com/@bitauth/libauth/-/libauth-2.1.0.tgz#e618706092fe9ea5e4103a2cf427cd5ae5287e1e"
  integrity sha512-O0cIN7/UPUHg6gaWHuePXIYRkvNPrc3zHfi80guZkkO4Ke9nSaN5mSITqhC5lKFBwAakr6OSToClXHN/IxiOfA==

"@bitauth/libauth@^3.0.0":
  version "3.0.0"
  resolved "https://registry.yarnpkg.com/@bitauth/libauth/-/libauth-3.0.0.tgz#d88535fc5353d5ecd11db96d9a229e11c06a43d2"
  integrity sha512-3yoL31XpnhAnf5nDVMFk4xPqebxDwXrgYAwpa31ARJnV5A/eXWlpNYvCd6FTZPFM4VvKfjCBi+jRCrw1hOZ0Jg==

"@cashscript/utils@^0.10.0":
  version "0.10.0"
  resolved "https://registry.yarnpkg.com/@cashscript/utils/-/utils-0.10.0.tgz#830a7edc289efa06e6bef3ec9b70fc3f288a8920"
  integrity sha512-A2gyqS5ROU9tVKsGjL6wf6/gopKxGCrD3/lj6sgD9HnQ4XEvMGxSeqNmlc5UvqbYwyoXDD72RQzpWD/lvSI8Gw==
  dependencies:
    "@bitauth/libauth" "^3.0.0"
    hash.js "^1.1.7"

"@esbuild/aix-ppc64@0.23.1":
  version "0.23.1"
  resolved "https://registry.yarnpkg.com/@esbuild/aix-ppc64/-/aix-ppc64-0.23.1.tgz#51299374de171dbd80bb7d838e1cfce9af36f353"
  integrity sha512-6VhYk1diRqrhBAqpJEdjASR/+WVRtfjpqKuNw11cLiaWpAT/Uu+nokB+UJnevzy/P9C/ty6AOe0dwueMrGh/iQ==

"@esbuild/android-arm64@0.23.1":
  version "0.23.1"
  resolved "https://registry.yarnpkg.com/@esbuild/android-arm64/-/android-arm64-0.23.1.tgz#58565291a1fe548638adb9c584237449e5e14018"
  integrity sha512-xw50ipykXcLstLeWH7WRdQuysJqejuAGPd30vd1i5zSyKK3WE+ijzHmLKxdiCMtH1pHz78rOg0BKSYOSB/2Khw==

"@esbuild/android-arm@0.23.1":
  version "0.23.1"
  resolved "https://registry.yarnpkg.com/@esbuild/android-arm/-/android-arm-0.23.1.tgz#5eb8c652d4c82a2421e3395b808e6d9c42c862ee"
  integrity sha512-uz6/tEy2IFm9RYOyvKl88zdzZfwEfKZmnX9Cj1BHjeSGNuGLuMD1kR8y5bteYmwqKm1tj8m4cb/aKEorr6fHWQ==

"@esbuild/android-x64@0.23.1":
  version "0.23.1"
  resolved "https://registry.yarnpkg.com/@esbuild/android-x64/-/android-x64-0.23.1.tgz#ae19d665d2f06f0f48a6ac9a224b3f672e65d517"
  integrity sha512-nlN9B69St9BwUoB+jkyU090bru8L0NA3yFvAd7k8dNsVH8bi9a8cUAUSEcEEgTp2z3dbEDGJGfP6VUnkQnlReg==

"@esbuild/darwin-arm64@0.23.1":
  version "0.23.1"
  resolved "https://registry.yarnpkg.com/@esbuild/darwin-arm64/-/darwin-arm64-0.23.1.tgz#05b17f91a87e557b468a9c75e9d85ab10c121b16"
  integrity sha512-YsS2e3Wtgnw7Wq53XXBLcV6JhRsEq8hkfg91ESVadIrzr9wO6jJDMZnCQbHm1Guc5t/CdDiFSSfWP58FNuvT3Q==

"@esbuild/darwin-x64@0.23.1":
  version "0.23.1"
  resolved "https://registry.yarnpkg.com/@esbuild/darwin-x64/-/darwin-x64-0.23.1.tgz#c58353b982f4e04f0d022284b8ba2733f5ff0931"
  integrity sha512-aClqdgTDVPSEGgoCS8QDG37Gu8yc9lTHNAQlsztQ6ENetKEO//b8y31MMu2ZaPbn4kVsIABzVLXYLhCGekGDqw==

"@esbuild/freebsd-arm64@0.23.1":
  version "0.23.1"
  resolved "https://registry.yarnpkg.com/@esbuild/freebsd-arm64/-/freebsd-arm64-0.23.1.tgz#f9220dc65f80f03635e1ef96cfad5da1f446f3bc"
  integrity sha512-h1k6yS8/pN/NHlMl5+v4XPfikhJulk4G+tKGFIOwURBSFzE8bixw1ebjluLOjfwtLqY0kewfjLSrO6tN2MgIhA==

"@esbuild/freebsd-x64@0.23.1":
  version "0.23.1"
  resolved "https://registry.yarnpkg.com/@esbuild/freebsd-x64/-/freebsd-x64-0.23.1.tgz#69bd8511fa013b59f0226d1609ac43f7ce489730"
  integrity sha512-lK1eJeyk1ZX8UklqFd/3A60UuZ/6UVfGT2LuGo3Wp4/z7eRTRYY+0xOu2kpClP+vMTi9wKOfXi2vjUpO1Ro76g==

"@esbuild/linux-arm64@0.23.1":
  version "0.23.1"
  resolved "https://registry.yarnpkg.com/@esbuild/linux-arm64/-/linux-arm64-0.23.1.tgz#8050af6d51ddb388c75653ef9871f5ccd8f12383"
  integrity sha512-/93bf2yxencYDnItMYV/v116zff6UyTjo4EtEQjUBeGiVpMmffDNUyD9UN2zV+V3LRV3/on4xdZ26NKzn6754g==

"@esbuild/linux-arm@0.23.1":
  version "0.23.1"
  resolved "https://registry.yarnpkg.com/@esbuild/linux-arm/-/linux-arm-0.23.1.tgz#ecaabd1c23b701070484990db9a82f382f99e771"
  integrity sha512-CXXkzgn+dXAPs3WBwE+Kvnrf4WECwBdfjfeYHpMeVxWE0EceB6vhWGShs6wi0IYEqMSIzdOF1XjQ/Mkm5d7ZdQ==

"@esbuild/linux-ia32@0.23.1":
  version "0.23.1"
  resolved "https://registry.yarnpkg.com/@esbuild/linux-ia32/-/linux-ia32-0.23.1.tgz#3ed2273214178109741c09bd0687098a0243b333"
  integrity sha512-VTN4EuOHwXEkXzX5nTvVY4s7E/Krz7COC8xkftbbKRYAl96vPiUssGkeMELQMOnLOJ8k3BY1+ZY52tttZnHcXQ==

"@esbuild/linux-loong64@0.23.1":
  version "0.23.1"
  resolved "https://registry.yarnpkg.com/@esbuild/linux-loong64/-/linux-loong64-0.23.1.tgz#a0fdf440b5485c81b0fbb316b08933d217f5d3ac"
  integrity sha512-Vx09LzEoBa5zDnieH8LSMRToj7ir/Jeq0Gu6qJ/1GcBq9GkfoEAoXvLiW1U9J1qE/Y/Oyaq33w5p2ZWrNNHNEw==

"@esbuild/linux-mips64el@0.23.1":
  version "0.23.1"
  resolved "https://registry.yarnpkg.com/@esbuild/linux-mips64el/-/linux-mips64el-0.23.1.tgz#e11a2806346db8375b18f5e104c5a9d4e81807f6"
  integrity sha512-nrFzzMQ7W4WRLNUOU5dlWAqa6yVeI0P78WKGUo7lg2HShq/yx+UYkeNSE0SSfSure0SqgnsxPvmAUu/vu0E+3Q==

"@esbuild/linux-ppc64@0.23.1":
  version "0.23.1"
  resolved "https://registry.yarnpkg.com/@esbuild/linux-ppc64/-/linux-ppc64-0.23.1.tgz#06a2744c5eaf562b1a90937855b4d6cf7c75ec96"
  integrity sha512-dKN8fgVqd0vUIjxuJI6P/9SSSe/mB9rvA98CSH2sJnlZ/OCZWO1DJvxj8jvKTfYUdGfcq2dDxoKaC6bHuTlgcw==

"@esbuild/linux-riscv64@0.23.1":
  version "0.23.1"
  resolved "https://registry.yarnpkg.com/@esbuild/linux-riscv64/-/linux-riscv64-0.23.1.tgz#65b46a2892fc0d1af4ba342af3fe0fa4a8fe08e7"
  integrity sha512-5AV4Pzp80fhHL83JM6LoA6pTQVWgB1HovMBsLQ9OZWLDqVY8MVobBXNSmAJi//Csh6tcY7e7Lny2Hg1tElMjIA==

"@esbuild/linux-s390x@0.23.1":
  version "0.23.1"
  resolved "https://registry.yarnpkg.com/@esbuild/linux-s390x/-/linux-s390x-0.23.1.tgz#e71ea18c70c3f604e241d16e4e5ab193a9785d6f"
  integrity sha512-9ygs73tuFCe6f6m/Tb+9LtYxWR4c9yg7zjt2cYkjDbDpV/xVn+68cQxMXCjUpYwEkze2RcU/rMnfIXNRFmSoDw==

"@esbuild/linux-x64@0.23.1":
  version "0.23.1"
  resolved "https://registry.yarnpkg.com/@esbuild/linux-x64/-/linux-x64-0.23.1.tgz#d47f97391e80690d4dfe811a2e7d6927ad9eed24"
  integrity sha512-EV6+ovTsEXCPAp58g2dD68LxoP/wK5pRvgy0J/HxPGB009omFPv3Yet0HiaqvrIrgPTBuC6wCH1LTOY91EO5hQ==

"@esbuild/netbsd-x64@0.23.1":
  version "0.23.1"
  resolved "https://registry.yarnpkg.com/@esbuild/netbsd-x64/-/netbsd-x64-0.23.1.tgz#44e743c9778d57a8ace4b72f3c6b839a3b74a653"
  integrity sha512-aevEkCNu7KlPRpYLjwmdcuNz6bDFiE7Z8XC4CPqExjTvrHugh28QzUXVOZtiYghciKUacNktqxdpymplil1beA==

"@esbuild/openbsd-arm64@0.23.1":
  version "0.23.1"
  resolved "https://registry.yarnpkg.com/@esbuild/openbsd-arm64/-/openbsd-arm64-0.23.1.tgz#05c5a1faf67b9881834758c69f3e51b7dee015d7"
  integrity sha512-3x37szhLexNA4bXhLrCC/LImN/YtWis6WXr1VESlfVtVeoFJBRINPJ3f0a/6LV8zpikqoUg4hyXw0sFBt5Cr+Q==

"@esbuild/openbsd-x64@0.23.1":
  version "0.23.1"
  resolved "https://registry.yarnpkg.com/@esbuild/openbsd-x64/-/openbsd-x64-0.23.1.tgz#2e58ae511bacf67d19f9f2dcd9e8c5a93f00c273"
  integrity sha512-aY2gMmKmPhxfU+0EdnN+XNtGbjfQgwZj43k8G3fyrDM/UdZww6xrWxmDkuz2eCZchqVeABjV5BpildOrUbBTqA==

"@esbuild/sunos-x64@0.23.1":
  version "0.23.1"
  resolved "https://registry.yarnpkg.com/@esbuild/sunos-x64/-/sunos-x64-0.23.1.tgz#adb022b959d18d3389ac70769cef5a03d3abd403"
  integrity sha512-RBRT2gqEl0IKQABT4XTj78tpk9v7ehp+mazn2HbUeZl1YMdaGAQqhapjGTCe7uw7y0frDi4gS0uHzhvpFuI1sA==

"@esbuild/win32-arm64@0.23.1":
  version "0.23.1"
  resolved "https://registry.yarnpkg.com/@esbuild/win32-arm64/-/win32-arm64-0.23.1.tgz#84906f50c212b72ec360f48461d43202f4c8b9a2"
  integrity sha512-4O+gPR5rEBe2FpKOVyiJ7wNDPA8nGzDuJ6gN4okSA1gEOYZ67N8JPk58tkWtdtPeLz7lBnY6I5L3jdsr3S+A6A==

"@esbuild/win32-ia32@0.23.1":
  version "0.23.1"
  resolved "https://registry.yarnpkg.com/@esbuild/win32-ia32/-/win32-ia32-0.23.1.tgz#5e3eacc515820ff729e90d0cb463183128e82fac"
  integrity sha512-BcaL0Vn6QwCwre3Y717nVHZbAa4UBEigzFm6VdsVdT/MbZ38xoj1X9HPkZhbmaBGUD1W8vxAfffbDe8bA6AKnQ==

"@esbuild/win32-x64@0.23.1":
  version "0.23.1"
  resolved "https://registry.yarnpkg.com/@esbuild/win32-x64/-/win32-x64-0.23.1.tgz#81fd50d11e2c32b2d6241470e3185b70c7b30699"
  integrity sha512-BHpFFeslkWrXWyUPnbKm+xYYVYruCinGcftSBaa8zoF9hZO4BcSCFUvHVTtzpIY6YzUnYtuEhZ+C9iEXjxnasg==

"@noble/hashes@~1.5.0":
  version "1.5.0"
  resolved "https://registry.yarnpkg.com/@noble/hashes/-/hashes-1.5.0.tgz#abadc5ca20332db2b1b2aa3e496e9af1213570b0"
  integrity sha512-1j6kQFb7QRru7eKN3ZDvRcP13rugwdxZqCjbiAVZfIJwgj2A65UmT4TgARXGlXgnRkORLTDTrO19ZErt7+QXgA==

"@scure/base@~1.1.8":
  version "1.1.8"
  resolved "https://registry.yarnpkg.com/@scure/base/-/base-1.1.8.tgz#8f23646c352f020c83bca750a82789e246d42b50"
  integrity sha512-6CyAclxj3Nb0XT7GHK6K4zK6k2xJm6E4Ft0Ohjt4WgegiFUHEtFb2CGzmPmGBwoIhrLsqNLYfLr04Y1GePrzZg==

"@scure/bip39@^1.2.2":
  version "1.4.0"
  resolved "https://registry.yarnpkg.com/@scure/bip39/-/bip39-1.4.0.tgz#664d4f851564e2e1d4bffa0339f9546ea55960a6"
  integrity sha512-BEEm6p8IueV/ZTfQLp/0vhw4NPnT9oWf5+28nvmeUICjP99f4vr2d+qc7AVGDDtwRep6ifR43Yed9ERVmiITzw==
  dependencies:
    "@noble/hashes" "~1.5.0"
    "@scure/base" "~1.1.8"

"@types/node@*":
  version "22.5.4"
  resolved "https://registry.yarnpkg.com/@types/node/-/node-22.5.4.tgz#83f7d1f65bc2ed223bdbf57c7884f1d5a4fa84e8"
  integrity sha512-FDuKUJQm/ju9fT/SeX/6+gBzoPzlVCzfzmGkwKvRHQVxi4BntVbyIwf6a4Xn62mrvndLiml6z/UBXIdEVjQLXg==
  dependencies:
    undici-types "~6.19.2"

"@types/ws@^7.4.6":
  version "7.4.7"
  resolved "https://registry.yarnpkg.com/@types/ws/-/ws-7.4.7.tgz#f7c390a36f7a0679aa69de2d501319f4f8d9b702"
  integrity sha512-JQbbmxZTZehdc2iszGKs5oC3NFnjeay7mtAWrdt7qNtAVK0g19muApzAy4bm9byz79xa2ZnO/BOBC2R8RC5Lww==
  dependencies:
    "@types/node" "*"

async-mutex@^0.3.1:
  version "0.3.2"
  resolved "https://registry.yarnpkg.com/async-mutex/-/async-mutex-0.3.2.tgz#1485eda5bda1b0ec7c8df1ac2e815757ad1831df"
  integrity sha512-HuTK7E7MT7jZEh1P9GtRW9+aTWiDWWi9InbZ5hjxrnRa39KS4BW04+xLBhYNS2aXhHUIKZSw3gj4Pn1pj+qGAA==
  dependencies:
    tslib "^2.3.1"

base64-js@^1.3.1:
  version "1.5.1"
  resolved "https://registry.yarnpkg.com/base64-js/-/base64-js-1.5.1.tgz#1b1b440160a5bf7ad40b650f095963481903930a"
  integrity sha512-AKpaYlHn8t4SVbOHCy+b5+KKgvR4vrsD8vbvrbiQJps7fKDTkjkDry6ji0rUJjC0kzbNePLwzxq8iypo41qeWA==

bip68@^1.0.4:
  version "1.0.4"
  resolved "https://registry.yarnpkg.com/bip68/-/bip68-1.0.4.tgz#78a95c7a43fad183957995cc2e08d79b0c372c4d"
  integrity sha512-O1htyufFTYy3EO0JkHg2CLykdXEtV2ssqw47Gq9A0WByp662xpJnMEB9m43LZjsSDjIAOozWRExlFQk2hlV1XQ==

bitcoin-rpc-promise-retry@^1.3.0:
  version "1.3.0"
  resolved "https://registry.yarnpkg.com/bitcoin-rpc-promise-retry/-/bitcoin-rpc-promise-retry-1.3.0.tgz#28a9f5aa7b5528b0518b0bcccde63e7384e1626b"
  integrity sha512-xhldBhYwiUNY4spzkXXcU9LEq+nbSKJ5tvYWEUe/XTCe1VYoe8tEb5jJq4MBA2d+5egiUOA+P1QTTYm1FqPtOg==
  dependencies:
    bitcoind-rpc "^0.8.0"

bitcoind-rpc@^0.8.0:
  version "0.8.1"
  resolved "https://registry.yarnpkg.com/bitcoind-rpc/-/bitcoind-rpc-0.8.1.tgz#11889972e46c346870d26cf680e3a7e3e52b1ff1"
  integrity sha512-NfhykAT/x/P1SOiog8UzltvTiv6A6d2X5VWJ3UjGeAqFLXv+IYHy+E4fFCBmgQRyIb1EIcyIZK1SVpSOGRHsaw==

buffer@^6.0.3:
  version "6.0.3"
  resolved "https://registry.yarnpkg.com/buffer/-/buffer-6.0.3.tgz#2ace578459cc8fbe2a70aaa8f52ee63b6a74c6c6"
  integrity sha512-FTiCpNxtwiZZHEZbcbTIcZjERVICn9yq/pDFkTl95/AxzD1naBctN7YO68riM/gLSDY7sdrMby8hofADYuuqOA==
  dependencies:
    base64-js "^1.3.1"
    ieee754 "^1.2.1"

cashscript@^0.10.0:
  version "0.10.0"
  resolved "https://registry.yarnpkg.com/cashscript/-/cashscript-0.10.0.tgz#dadc3d7b4884130157f428d945594f8d5e12dd8e"
  integrity sha512-ttmjU6lCbP8JZ1TberwQVUid8haij20H+EFtg8BR6lwIGgyiGo+1F0qwvv+Pv6E9SESUCGGGLyTQEW4VjGVf6A==
  dependencies:
    "@bitauth/libauth" "^3.0.0"
    "@cashscript/utils" "^0.10.0"
    bip68 "^1.0.4"
    bitcoin-rpc-promise-retry "^1.3.0"
    delay "^5.0.0"
    electrum-cash "^2.0.10"
    fast-deep-equal "^3.1.3"
    pako "^2.1.0"

debug@^4.3.2:
  version "4.3.7"
  resolved "https://registry.yarnpkg.com/debug/-/debug-4.3.7.tgz#87945b4151a011d76d95a198d7111c865c360a52"
  integrity sha512-Er2nc/H7RrMXZBFCEim6TCmMk02Z8vLC2Rbi1KEBggpo0fS6l0S1nnapwmIi3yW/+GOJap1Krg4w0Hg80oCqgQ==
  dependencies:
    ms "^2.1.3"

delay@^5.0.0:
  version "5.0.0"
  resolved "https://registry.yarnpkg.com/delay/-/delay-5.0.0.tgz#137045ef1b96e5071060dd5be60bf9334436bd1d"
  integrity sha512-ReEBKkIfe4ya47wlPYf/gu5ib6yUG0/Aez0JQZQz94kiWtRQvZIQbTiehsnwHvLSWJnQdhVeqYue7Id1dKr0qw==

dotenv@^10.0.0:
  version "10.0.0"
  resolved "https://registry.yarnpkg.com/dotenv/-/dotenv-10.0.0.tgz#3d4227b8fb95f81096cdd2b66653fb2c7085ba81"
  integrity sha512-rlBi9d8jpv9Sf1klPjNfFAuWDjKLwTIJJ/VxtoTwIR6hnZxcEOQCZg2oIL3MWBYw5GpUDKOEnND7LXTbIpQ03Q==

dotenv@^16.3.1:
  version "16.4.5"
  resolved "https://registry.yarnpkg.com/dotenv/-/dotenv-16.4.5.tgz#cdd3b3b604cb327e286b4762e13502f717cb099f"
  integrity sha512-ZmdL2rui+eB2YwhsWzjInR8LldtZHGDoQ1ugH85ppHKwpUHL7j7rN0Ti9NCnGiQbhaZ11FpR+7ao1dNsmduNUg==

electrum-cash@^2.0.10:
  version "2.0.10"
  resolved "https://registry.yarnpkg.com/electrum-cash/-/electrum-cash-2.0.10.tgz#0b2831d01b214bff1dfee7b90022f36126cb6945"
  integrity sha512-xxKXWyDsnUR2pkqzb7r7ANf6yzlHO8+Rkq8HOFkKiH1tF1BJwyh6sDhGAy4lkTv2sU8Uv1em/itYZ5n2Cr6zaA==
  dependencies:
    "@types/ws" "^7.4.6"
    async-mutex "^0.3.1"
    debug "^4.3.2"
    isomorphic-ws "^4.0.1"
    ws "^7.5.2"

esbuild@~0.23.0:
  version "0.23.1"
  resolved "https://registry.yarnpkg.com/esbuild/-/esbuild-0.23.1.tgz#40fdc3f9265ec0beae6f59824ade1bd3d3d2dab8"
  integrity sha512-VVNz/9Sa0bs5SELtn3f7qhJCDPCF5oMEl5cO9/SSinpE9hbPVvxbd572HH5AKiP7WD8INO53GgfDDhRjkylHEg==
  optionalDependencies:
    "@esbuild/aix-ppc64" "0.23.1"
    "@esbuild/android-arm" "0.23.1"
    "@esbuild/android-arm64" "0.23.1"
    "@esbuild/android-x64" "0.23.1"
    "@esbuild/darwin-arm64" "0.23.1"
    "@esbuild/darwin-x64" "0.23.1"
    "@esbuild/freebsd-arm64" "0.23.1"
    "@esbuild/freebsd-x64" "0.23.1"
    "@esbuild/linux-arm" "0.23.1"
    "@esbuild/linux-arm64" "0.23.1"
    "@esbuild/linux-ia32" "0.23.1"
    "@esbuild/linux-loong64" "0.23.1"
    "@esbuild/linux-mips64el" "0.23.1"
    "@esbuild/linux-ppc64" "0.23.1"
    "@esbuild/linux-riscv64" "0.23.1"
    "@esbuild/linux-s390x" "0.23.1"
    "@esbuild/linux-x64" "0.23.1"
    "@esbuild/netbsd-x64" "0.23.1"
    "@esbuild/openbsd-arm64" "0.23.1"
    "@esbuild/openbsd-x64" "0.23.1"
    "@esbuild/sunos-x64" "0.23.1"
    "@esbuild/win32-arm64" "0.23.1"
    "@esbuild/win32-ia32" "0.23.1"
    "@esbuild/win32-x64" "0.23.1"

events@^3.2.0:
  version "3.3.0"
  resolved "https://registry.yarnpkg.com/events/-/events-3.3.0.tgz#31a95ad0a924e2d2c419a813aeb2c4e878ea7400"
  integrity sha512-mQw+2fkQbALzQ7V0MY0IqdnXNOeTtP4r0lN9z7AAawCXgqea7bDii20AYrIBrFd/Hx0M2Ocz6S111CaFkUcb0Q==

eventsource@^1.0.7:
  version "1.1.2"
  resolved "https://registry.yarnpkg.com/eventsource/-/eventsource-1.1.2.tgz#bc75ae1c60209e7cb1541231980460343eaea7c2"
  integrity sha512-xAH3zWhgO2/3KIniEKYPr8plNSzlGINOUqYj0m0u7AB81iRw8b/3E73W6AuU+6klLbaSFmZnaETQ2lXPfAydrA==

fast-deep-equal@^3.1.3:
  version "3.1.3"
  resolved "https://registry.yarnpkg.com/fast-deep-equal/-/fast-deep-equal-3.1.3.tgz#3a7d56b559d6cbc3eb512325244e619a65c6c525"
  integrity sha512-f3qQ9oQy9j2AhBe/H9VC91wLmKBCCU/gDOnKNAYG5hswO7BLKj09Hc5HYNz9cGI++xlpDCIgDaitVs03ATR84Q==

fsevents@~2.3.3:
  version "2.3.3"
  resolved "https://registry.yarnpkg.com/fsevents/-/fsevents-2.3.3.tgz#cac6407785d03675a2a5e1a5305c697b347d90d6"
  integrity sha512-5xoDfX+fL7faATnagmWPpbFtwh/R77WmMMqqHGS65C3vvB0YHrgF+B1YmZ3441tMj5n63k0212XNoJwzlhffQw==

get-tsconfig@^4.7.5:
  version "4.8.1"
  resolved "https://registry.yarnpkg.com/get-tsconfig/-/get-tsconfig-4.8.1.tgz#8995eb391ae6e1638d251118c7b56de7eb425471"
  integrity sha512-k9PN+cFBmaLWtVz29SkUoqU5O0slLuHJXt/2P+tMVFT+phsSGXGkp9t3rQIqdz0e+06EHNGs3oM6ZX1s2zHxRg==
  dependencies:
    resolve-pkg-maps "^1.0.0"

hash.js@^1.1.7:
  version "1.1.7"
  resolved "https://registry.yarnpkg.com/hash.js/-/hash.js-1.1.7.tgz#0babca538e8d4ee4a0f8988d68866537a003cf42"
  integrity sha512-taOaskGt4z4SOANNseOviYDvjEJinIkRgmp7LbKP2YTTmVxWBl87s/uzK9r+44BclBSp2X7K1hqeNfz9JbBeXA==
  dependencies:
    inherits "^2.0.3"
    minimalistic-assert "^1.0.1"

ieee754@^1.2.1:
  version "1.2.1"
  resolved "https://registry.yarnpkg.com/ieee754/-/ieee754-1.2.1.tgz#8eb7a10a63fff25d15a57b001586d177d1b0d352"
  integrity sha512-dcyqhDvX1C46lXZcVqCpK+FtMRQVdIMN6/Df5js2zouUsqG7I6sFxitIC+7KYK29KdXOLHdu9zL4sFnoVQnqaA==

inherits@^2.0.3, inherits@~2.0.4:
  version "2.0.4"
  resolved "https://registry.yarnpkg.com/inherits/-/inherits-2.0.4.tgz#0fa2c64f932917c3433a0ded55363aae37416b7c"
  integrity sha512-k/vGaX4/Yla3WzyMCvTQOXYeIHvqOKtnqBduzTHpzpQZzAskKMhZ2K+EnBiSM9zGSoIFeMpXKxa4dYeZIQqewQ==

isomorphic-ws@^4.0.1:
  version "4.0.1"
  resolved "https://registry.yarnpkg.com/isomorphic-ws/-/isomorphic-ws-4.0.1.tgz#55fd4cd6c5e6491e76dc125938dd863f5cd4f2dc"
  integrity sha512-BhBvN2MBpWTaSHdWRb/bwdZJ1WaehQ2L1KngkCkfLUGF0mAWAT1sQUQacEmQ0jXkFw/czDXPNQSL5u2/Krsz1w==

mainnet-js@^2.0.1:
  version "2.4.3"
  resolved "https://registry.yarnpkg.com/mainnet-js/-/mainnet-js-2.4.3.tgz#700d74e60f1e3e4ded1406418725c46f33f57604"
  integrity sha512-WEEIhD2CARuqI6W0Xp9qX8TVrQhTR7OwuIZOvAGSJsFaCslIjg4+TkasaU+lMMcn0GhWJ6QzxNTPA2GiO9Vjvw==
  dependencies:
    "@bitauth/libauth" "^2.0.0"
    "@scure/bip39" "^1.2.2"
    buffer "^6.0.3"
    electrum-cash "^2.0.10"
    events "^3.2.0"
    eventsource "^1.0.7"
    qrcode-svg "1.1.0"
  optionalDependencies:
    dotenv "^10.0.0"
    stream-browserify "^3.0.0"

minimalistic-assert@^1.0.1:
  version "1.0.1"
  resolved "https://registry.yarnpkg.com/minimalistic-assert/-/minimalistic-assert-1.0.1.tgz#2e194de044626d4a10e7f7fbc00ce73e83e4d5c7"
  integrity sha512-UtJcAD4yEaGtjPezWuO9wC4nwUnVH/8/Im3yEHQP4b67cXlD/Qr9hdITCU1xDbSEXg2XKNaP8jsReV7vQd00/A==

ms@^2.1.3:
  version "2.1.3"
  resolved "https://registry.yarnpkg.com/ms/-/ms-2.1.3.tgz#574c8138ce1d2b5861f0b44579dbadd60c6615b2"
  integrity sha512-6FlzubTLZG3J2a/NVCAleEhjzq5oxgHyaCU9yYXvcLsvoVaHJq/s5xXI6/XXP6tz7R9xAOtHnSO/tXtF3WRTlA==

pako@^2.1.0:
  version "2.1.0"
  resolved "https://registry.yarnpkg.com/pako/-/pako-2.1.0.tgz#266cc37f98c7d883545d11335c00fbd4062c9a86"
  integrity sha512-w+eufiZ1WuJYgPXbV/PO3NCMEc3xqylkKHzp8bxp1uW4qaSNQUkwmLLEc3kKsfz8lpV1F8Ht3U1Cm+9Srog2ug==

qrcode-svg@1.1.0:
  version "1.1.0"
  resolved "https://registry.yarnpkg.com/qrcode-svg/-/qrcode-svg-1.1.0.tgz#2087549843dc5d0a3f8e8aa046cd9bcf23708cc3"
  integrity sha512-XyQCIXux1zEIA3NPb0AeR8UMYvXZzWEhgdBgBjH9gO7M48H9uoHzviNz8pXw3UzrAcxRRRn9gxHewAVK7bn9qw==

readable-stream@^3.5.0:
  version "3.6.2"
  resolved "https://registry.yarnpkg.com/readable-stream/-/readable-stream-3.6.2.tgz#56a9b36ea965c00c5a93ef31eb111a0f11056967"
  integrity sha512-9u/sniCrY3D5WdsERHzHE4G2YCXqoG5FTHUiCC4SIbr6XcLZBY05ya9EKjYek9O5xOAwjGq+1JdGBAS7Q9ScoA==
  dependencies:
    inherits "^2.0.3"
    string_decoder "^1.1.1"
    util-deprecate "^1.0.1"

resolve-pkg-maps@^1.0.0:
  version "1.0.0"
  resolved "https://registry.yarnpkg.com/resolve-pkg-maps/-/resolve-pkg-maps-1.0.0.tgz#616b3dc2c57056b5588c31cdf4b3d64db133720f"
  integrity sha512-seS2Tj26TBVOC2NIc2rOe2y2ZO7efxITtLZcGSOnHHNOQ7CkiUBfw0Iw2ck6xkIhPwLhKNLS8BO+hEpngQlqzw==

safe-buffer@~5.2.0:
  version "5.2.1"
  resolved "https://registry.yarnpkg.com/safe-buffer/-/safe-buffer-5.2.1.tgz#1eaf9fa9bdb1fdd4ec75f58f9cdb4e6b7827eec6"
  integrity sha512-rp3So07KcdmmKbGvgaNxQSJr7bGVSVk5S9Eq1F+ppbRo70+YeaDxkw5Dd8NPN+GD6bjnYm2VuPuCXmpuYvmCXQ==

stream-browserify@^3.0.0:
  version "3.0.0"
  resolved "https://registry.yarnpkg.com/stream-browserify/-/stream-browserify-3.0.0.tgz#22b0a2850cdf6503e73085da1fc7b7d0c2122f2f"
  integrity sha512-H73RAHsVBapbim0tU2JwwOiXUj+fikfiaoYAKHF3VJfA0pe2BCzkhAHBlLG6REzE+2WNZcxOXjK7lkso+9euLA==
  dependencies:
    inherits "~2.0.4"
    readable-stream "^3.5.0"

string_decoder@^1.1.1:
  version "1.3.0"
  resolved "https://registry.yarnpkg.com/string_decoder/-/string_decoder-1.3.0.tgz#42f114594a46cf1a8e30b0a84f56c78c3edac21e"
  integrity sha512-hkRX8U1WjJFd8LsDJ2yQ/wWWxaopEsABU1XfkM8A+j0+85JAGppt16cr1Whg6KIbb4okU6Mql6BOj+uup/wKeA==
  dependencies:
    safe-buffer "~5.2.0"

tslib@^2.3.1:
  version "2.7.0"
  resolved "https://registry.yarnpkg.com/tslib/-/tslib-2.7.0.tgz#d9b40c5c40ab59e8738f297df3087bf1a2690c01"
  integrity sha512-gLXCKdN1/j47AiHiOkJN69hJmcbGTHI0ImLmbYLHykhgeN0jVGola9yVjFgzCUklsZQMW55o+dW7IXv3RCXDzA==

tsx@^4.19.1:
  version "4.19.1"
  resolved "https://registry.yarnpkg.com/tsx/-/tsx-4.19.1.tgz#b7bffdf4b565813e4dea14b90872af279cd0090b"
  integrity sha512-0flMz1lh74BR4wOvBjuh9olbnwqCPc35OOlfyzHba0Dc+QNUeWX/Gq2YTbnwcWPO3BMd8fkzRVrHcsR+a7z7rA==
  dependencies:
    esbuild "~0.23.0"
    get-tsconfig "^4.7.5"
  optionalDependencies:
    fsevents "~2.3.3"

undici-types@~6.19.2:
  version "6.19.8"
  resolved "https://registry.yarnpkg.com/undici-types/-/undici-types-6.19.8.tgz#35111c9d1437ab83a7cdc0abae2f26d88eda0a02"
  integrity sha512-ve2KP6f/JnbPBFyobGHuerC9g1FYGn/F8n1LWTwNxCEzd6IfqTwUQcNXgEtmmQ6DlRrC1hrSrBnCZPokRrDHjw==

util-deprecate@^1.0.1:
  version "1.0.2"
  resolved "https://registry.yarnpkg.com/util-deprecate/-/util-deprecate-1.0.2.tgz#450d4dc9fa70de732762fbd2d4a28981419a0ccf"
  integrity sha512-EPD5q1uXyFxJpCrLnCc1nHnq3gOa6DZBocAIiI2TaSCA7VCJ1UJDMagCzIkXNsUYfD1daK//LTEQ8xiIbrHtcw==

ws@^7.5.2:
  version "7.5.10"
  resolved "https://registry.yarnpkg.com/ws/-/ws-7.5.10.tgz#58b5c20dc281633f6c19113f39b349bd8bd558d9"
  integrity sha512-+dbF1tHwZpXcbOJdVOkzLDxZP1ailvSxM6ZweXTegylPny803bFhA+vqBYw4s31NSAk4S2Qz+AKXK9a4wkdjcQ==
